
Microsoft Visual Studio Solution File, Format Version 12.00
# Visual Studio Version 16
VisualStudioVersion = 16.0.808.5
MinimumVisualStudioVersion = 10.0.40219.1
Project("{FAE04EC0-301F-11D3-BF4B-00C04F79EFBC}") = "Hokemon_R", "Pokemon_R\Hokemon_R.csproj", "{C374065C-3C91-4E20-8C67-84DD063A1821}"
EndProject
Global
	GlobalSection(SolutionConfigurationPlatforms) = preSolution
		Debug|anycpu = Debug|anycpu
		Release|anycpu = Release|anycpu
	EndGlobalSection
	GlobalSection(ProjectConfigurationPlatforms) = postSolution
		{C374065C-3C91-4E20-8C67-84DD063A1821}.Debug|anycpu.ActiveCfg = Debug|anycpu
		{C374065C-3C91-4E20-8C67-84DD063A1821}.Debug|anycpu.Build.0 = Debug|anycpu
		{C374065C-3C91-4E20-8C67-84DD063A1821}.Release|anycpu.ActiveCfg = Release|anycpu
		{C374065C-3C91-4E20-8C67-84DD063A1821}.Release|anycpu.Build.0 = Release|anycpu
	EndGlobalSection
	GlobalSection(SolutionProperties) = preSolution
		HideSolutionNode = FALSE
	EndGlobalSection
	GlobalSection(ExtensibilityGlobals) = postSolution
		SolutionGuid = {2EF9CDDB-B7CF-4097-98D3-95ADF9CCE5B3}
	EndGlobalSection
EndGlobal
